
Microsoft Visual Studio Solution File, Format Version 12.00
# Visual Studio 14
VisualStudioVersion = 14.0.23107.0
MinimumVisualStudioVersion = 10.0.40219.1
Project("{FAE04EC0-301F-11D3-BF4B-00C04F79EFBC}") = "ConsoleApplication1", "ConsoleApplication1\ConsoleApplication1.csproj", "{A4EE6FDE-AFE1-4814-99F4-4FC8D968D63B}"
EndProject
Project("{2150E333-8FDC-42A3-9474-1A3956D46DE8}") = "Solution Items", "Solution Items", "{FAC1AF91-537F-4B63-B51C-18D47152C673}"
	ProjectSection(SolutionItems) = preProject
		travis.yml = travis.yml
	EndProjectSection
EndProject
Global
	GlobalSection(SolutionConfigurationPlatforms) = preSolution
		Debug|Any CPU = Debug|Any CPU
		Release|Any CPU = Release|Any CPU
	EndGlobalSection
	GlobalSection(ProjectConfigurationPlatforms) = postSolution
		{A4EE6FDE-AFE1-4814-99F4-4FC8D968D63B}.Debug|Any CPU.ActiveCfg = Debug|Any CPU
		{A4EE6FDE-AFE1-4814-99F4-4FC8D968D63B}.Debug|Any CPU.Build.0 = Debug|Any CPU
		{A4EE6FDE-AFE1-4814-99F4-4FC8D968D63B}.Release|Any CPU.ActiveCfg = Release|Any CPU
		{A4EE6FDE-AFE1-4814-99F4-4FC8D968D63B}.Release|Any CPU.Build.0 = Release|Any CPU
	EndGlobalSection
	GlobalSection(SolutionProperties) = preSolution
		HideSolutionNode = FALSE
	EndGlobalSection
EndGlobal
